
Microsoft Visual Studio Solution File, Format Version 12.00
# Visual Studio Version 16
VisualStudioVersion = 16.0.31624.102
MinimumVisualStudioVersion = 10.0.40219.1
Project("{FAE04EC0-301F-11D3-BF4B-00C04F79EFBC}") = "LINQStockPrice", "LINQStockPrice.csproj", "{2A01F1D8-60AE-47A5-9990-037A45F31EC4}"
EndProject
Global
	GlobalSection(SolutionConfigurationPlatforms) = preSolution
		Debug|Any CPU = Debug|Any CPU
		Release|Any CPU = Release|Any CPU
	EndGlobalSection
	GlobalSection(ProjectConfigurationPlatforms) = postSolution
		{2A01F1D8-60AE-47A5-9990-037A45F31EC4}.Debug|Any CPU.ActiveCfg = Debug|Any CPU
		{2A01F1D8-60AE-47A5-9990-037A45F31EC4}.Debug|Any CPU.Build.0 = Debug|Any CPU
		{2A01F1D8-60AE-47A5-9990-037A45F31EC4}.Release|Any CPU.ActiveCfg = Release|Any CPU
		{2A01F1D8-60AE-47A5-9990-037A45F31EC4}.Release|Any CPU.Build.0 = Release|Any CPU
	EndGlobalSection
	GlobalSection(SolutionProperties) = preSolution
		HideSolutionNode = FALSE
	EndGlobalSection
	GlobalSection(ExtensibilityGlobals) = postSolution
		SolutionGuid = {68578D6C-D922-4FA7-9EF6-0BA729E3DDB2}
	EndGlobalSection
EndGlobal
